
Microsoft Visual Studio Solution File, Format Version 12.00
# Visual Studio 15
VisualStudioVersion = 15.0.26430.16
MinimumVisualStudioVersion = 10.0.40219.1
Project("{FAE04EC0-301F-11D3-BF4B-00C04F79EFBC}") = "WebClient", "WebClient\WebClient.csproj", "{070647BD-9AF0-49A1-915F-1715E6A484E8}"
EndProject
Project("{FAE04EC0-301F-11D3-BF4B-00C04F79EFBC}") = "TestFormModule", "TestFormModule\TestFormModule.csproj", "{E4CECABC-86C4-44A0-A0EF-14025A29F728}"
EndProject
Global
	GlobalSection(SolutionConfigurationPlatforms) = preSolution
		Debug|Any CPU = Debug|Any CPU
		Release|Any CPU = Release|Any CPU
	EndGlobalSection
	GlobalSection(ProjectConfigurationPlatforms) = postSolution
		{070647BD-9AF0-49A1-915F-1715E6A484E8}.Debug|Any CPU.ActiveCfg = Debug|Any CPU
		{070647BD-9AF0-49A1-915F-1715E6A484E8}.Debug|Any CPU.Build.0 = Debug|Any CPU
		{070647BD-9AF0-49A1-915F-1715E6A484E8}.Release|Any CPU.ActiveCfg = Release|Any CPU
		{070647BD-9AF0-49A1-915F-1715E6A484E8}.Release|Any CPU.Build.0 = Release|Any CPU
		{E4CECABC-86C4-44A0-A0EF-14025A29F728}.Debug|Any CPU.ActiveCfg = Debug|Any CPU
		{E4CECABC-86C4-44A0-A0EF-14025A29F728}.Debug|Any CPU.Build.0 = Debug|Any CPU
		{E4CECABC-86C4-44A0-A0EF-14025A29F728}.Release|Any CPU.ActiveCfg = Release|Any CPU
		{E4CECABC-86C4-44A0-A0EF-14025A29F728}.Release|Any CPU.Build.0 = Release|Any CPU
	EndGlobalSection
	GlobalSection(SolutionProperties) = preSolution
		HideSolutionNode = FALSE
	EndGlobalSection
EndGlobal
